PODS:
  - Alamofire (1.2.0)
  - Argo (0.4.3):
    - Runes (~> 1.2.1)
  - Runes (1.2.2)

DEPENDENCIES:
  - Alamofire
  - Argo

SPEC CHECKSUMS:
  Alamofire: d765c5c1713aa64106b0228aaa600a1e6851f68d
  Argo: 177144547ecd35a9cf502f880ffdfb875deb66b3
  Runes: 90c9bba2be981c3777ac490aea0fc0c1acff0f97

COCOAPODS: 0.36.3
