// !$*UTF8*$!
{
	archiveVersion = 1;
	classes = {
	};
	objectVersion = 46;
	objects = {

/* Begin PBXBuildFile section */
		D2081C8719DA8B0300ABD203 /* Alamofire.framework in Frameworks */ = {isa = PBXBuildFile; fileRef = D2081C8419DA8AD800ABD203 /* Alamofire.framework */; };
		D2081C8919DA8B2D00ABD203 /* Alamofire.framework in Copy Frameworks */ = {isa = PBXBuildFile; fileRef = D2081C8419DA8AD800ABD203 /* Alamofire.framework */; settings = {ATTRIBUTES = (CodeSignOnCopy, RemoveHeadersOnCopy, ); }; };
		D2081CD419E2930500ABD203 /* AppDelegate.swift in Sources */ = {isa = PBXBuildFile; fileRef = D2081CC919E2930500ABD203 /* AppDelegate.swift */; };
		D2081CD519E2930500ABD203 /* Beacon.xcdatamodeld in Sources */ = {isa = PBXBuildFile; fileRef = D2081CCA19E2930500ABD203 /* Beacon.xcdatamodeld */; };
		D2081CD819E2930500ABD203 /* SCConstants.swift in Sources */ = {isa = PBXBuildFile; fileRef = D2081CCE19E2930500ABD203 /* SCConstants.swift */; };
		D2081CD919E2930500ABD203 /* SCHandOffActivityManager.swift in Sources */ = {isa = PBXBuildFile; fileRef = D2081CCF19E2930500ABD203 /* SCHandOffActivityManager.swift */; };
		D2081CDA19E2930500ABD203 /* SCHomeViewController.swift in Sources */ = {isa = PBXBuildFile; fileRef = D2081CD019E2930500ABD203 /* SCHomeViewController.swift */; };
		D2081CDB19E2930500ABD203 /* SCNetworking.swift in Sources */ = {isa = PBXBuildFile; fileRef = D2081CD119E2930500ABD203 /* SCNetworking.swift */; };
		D2081CDD19E2930500ABD203 /* SCUser.swift in Sources */ = {isa = PBXBuildFile; fileRef = D2081CD319E2930500ABD203 /* SCUser.swift */; };
		D2081CE719E5345200ABD203 /* SCTheme.swift in Sources */ = {isa = PBXBuildFile; fileRef = D2081CE619E5345200ABD203 /* SCTheme.swift */; };
		D2081CEB19E536D800ABD203 /* SCBeaconViewController.swift in Sources */ = {isa = PBXBuildFile; fileRef = D2081CEA19E536D800ABD203 /* SCBeaconViewController.swift */; };
		D2081CED19E5414300ABD203 /* SCBeacon.swift in Sources */ = {isa = PBXBuildFile; fileRef = D2081CEC19E5414300ABD203 /* SCBeacon.swift */; };
		D2081CEF19E5463500ABD203 /* SCSocialIconsToolbar.swift in Sources */ = {isa = PBXBuildFile; fileRef = D2081CEE19E5463500ABD203 /* SCSocialIconsToolbar.swift */; };
		D2081CF419E66F1500ABD203 /* SCNewInvisibleAreaView.swift in Sources */ = {isa = PBXBuildFile; fileRef = D2081CF319E66F1500ABD203 /* SCNewInvisibleAreaView.swift */; };
		D2108E6019E71A3D0012E664 /* background.jpg in Resources */ = {isa = PBXBuildFile; fileRef = D2108E1819E71A3D0012E664 /* background.jpg */; };
		D2108E6119E71A3D0012E664 /* background@2x.jpg in Resources */ = {isa = PBXBuildFile; fileRef = D2108E1919E71A3D0012E664 /* background@2x.jpg */; };
		D2108E6219E71A3D0012E664 /* background@3x.jpg in Resources */ = {isa = PBXBuildFile; fileRef = D2108E1A19E71A3D0012E664 /* background@3x.jpg */; };
		D2108E6619E71A3D0012E664 /* facebookon.png in Resources */ = {isa = PBXBuildFile; fileRef = D2108E1E19E71A3D0012E664 /* facebookon.png */; };
		D2108E6719E71A3D0012E664 /* facebookon@2x.png in Resources */ = {isa = PBXBuildFile; fileRef = D2108E1F19E71A3D0012E664 /* facebookon@2x.png */; };
		D2108E6819E71A3D0012E664 /* facebookon@3x.png in Resources */ = {isa = PBXBuildFile; fileRef = D2108E2019E71A3D0012E664 /* facebookon@3x.png */; };
		D2108E6919E71A3D0012E664 /* instagramoff.png in Resources */ = {isa = PBXBuildFile; fileRef = D2108E2119E71A3D0012E664 /* instagramoff.png */; };
		D2108E6A19E71A3D0012E664 /* instagramoff@2x.png in Resources */ = {isa = PBXBuildFile; fileRef = D2108E2219E71A3D0012E664 /* instagramoff@2x.png */; };
		D2108E6B19E71A3D0012E664 /* instagramoff@3x.png in Resources */ = {isa = PBXBuildFile; fileRef = D2108E2319E71A3D0012E664 /* instagramoff@3x.png */; };
		D2108E6C19E71A3D0012E664 /* instagramon.png in Resources */ = {isa = PBXBuildFile; fileRef = D2108E2419E71A3D0012E664 /* instagramon.png */; };
		D2108E6D19E71A3D0012E664 /* instagramon@2x.png in Resources */ = {isa = PBXBuildFile; fileRef = D2108E2519E71A3D0012E664 /* instagramon@2x.png */; };
		D2108E6E19E71A3D0012E664 /* instagramon@3x.png in Resources */ = {isa = PBXBuildFile; fileRef = D2108E2619E71A3D0012E664 /* instagramon@3x.png */; };
		D2108E6F19E71A3D0012E664 /* linkedinoff.png in Resources */ = {isa = PBXBuildFile; fileRef = D2108E2719E71A3D0012E664 /* linkedinoff.png */; };
		D2108E7019E71A3D0012E664 /* linkedinoff@2x.png in Resources */ = {isa = PBXBuildFile; fileRef = D2108E2819E71A3D0012E664 /* linkedinoff@2x.png */; };
		D2108E7119E71A3D0012E664 /* linkedinoff@3x.png in Resources */ = {isa = PBXBuildFile; fileRef = D2108E2919E71A3D0012E664 /* linkedinoff@3x.png */; };
		D2108E7219E71A3D0012E664 /* linkedinon.png in Resources */ = {isa = PBXBuildFile; fileRef = D2108E2A19E71A3D0012E664 /* linkedinon.png */; };
		D2108E7319E71A3D0012E664 /* linkedinon@2x.png in Resources */ = {isa = PBXBuildFile; fileRef = D2108E2B19E71A3D0012E664 /* linkedinon@2x.png */; };
		D2108E7419E71A3D0012E664 /* linkedinon@3x.png in Resources */ = {isa = PBXBuildFile; fileRef = D2108E2C19E71A3D0012E664 /* linkedinon@3x.png */; };
		D2108E7519E71A3D0012E664 /* loadinglogo.png in Resources */ = {isa = PBXBuildFile; fileRef = D2108E2D19E71A3D0012E664 /* loadinglogo.png */; };
		D2108E7619E71A3D0012E664 /* loadinglogo@2x.png in Resources */ = {isa = PBXBuildFile; fileRef = D2108E2E19E71A3D0012E664 /* loadinglogo@2x.png */; };
		D2108E7719E71A3D0012E664 /* loadinglogo@3x.png in Resources */ = {isa = PBXBuildFile; fileRef = D2108E2F19E71A3D0012E664 /* loadinglogo@3x.png */; };
		D2108E7819E71A3D0012E664 /* locationoff.png in Resources */ = {isa = PBXBuildFile; fileRef = D2108E3019E71A3D0012E664 /* locationoff.png */; };
		D2108E7919E71A3D0012E664 /* locationoff@2x.png in Resources */ = {isa = PBXBuildFile; fileRef = D2108E3119E71A3D0012E664 /* locationoff@2x.png */; };
		D2108E7A19E71A3D0012E664 /* locationoff@3x.png in Resources */ = {isa = PBXBuildFile; fileRef = D2108E3219E71A3D0012E664 /* locationoff@3x.png */; };
		D2108E7B19E71A3D0012E664 /* locationon.png in Resources */ = {isa = PBXBuildFile; fileRef = D2108E3319E71A3D0012E664 /* locationon.png */; };
		D2108E7C19E71A3D0012E664 /* locationon@2x.png in Resources */ = {isa = PBXBuildFile; fileRef = D2108E3419E71A3D0012E664 /* locationon@2x.png */; };
		D2108E7D19E71A3D0012E664 /* locationon@3x.png in Resources */ = {isa = PBXBuildFile; fileRef = D2108E3519E71A3D0012E664 /* locationon@3x.png */; };
		D2108E7E19E71A3D0012E664 /* mainlogo.png in Resources */ = {isa = PBXBuildFile; fileRef = D2108E3619E71A3D0012E664 /* mainlogo.png */; };
		D2108E7F19E71A3D0012E664 /* mainlogo@2x.png in Resources */ = {isa = PBXBuildFile; fileRef = D2108E3719E71A3D0012E664 /* mainlogo@2x.png */; };
		D2108E8019E71A3D0012E664 /* mainlogo@3x.png in Resources */ = {isa = PBXBuildFile; fileRef = D2108E3819E71A3D0012E664 /* mainlogo@3x.png */; };
		D2108E8119E71A3D0012E664 /* overlaybutton.png in Resources */ = {isa = PBXBuildFile; fileRef = D2108E3919E71A3D0012E664 /* overlaybutton.png */; };
		D2108E8219E71A3D0012E664 /* overlaybutton@2x.png in Resources */ = {isa = PBXBuildFile; fileRef = D2108E3A19E71A3D0012E664 /* overlaybutton@2x.png */; };
		D2108E8319E71A3D0012E664 /* overlaybutton@3x.png in Resources */ = {isa = PBXBuildFile; fileRef = D2108E3B19E71A3D0012E664 /* overlaybutton@3x.png */; };
		D2108E8419E71A3D0012E664 /* plusblack.png in Resources */ = {isa = PBXBuildFile; fileRef = D2108E3C19E71A3D0012E664 /* plusblack.png */; };
		D2108E8519E71A3D0012E664 /* plusblack@2x.png in Resources */ = {isa = PBXBuildFile; fileRef = D2108E3D19E71A3D0012E664 /* plusblack@2x.png */; };
		D2108E8619E71A3D0012E664 /* plusblack@3x.png in Resources */ = {isa = PBXBuildFile; fileRef = D2108E3E19E71A3D0012E664 /* plusblack@3x.png */; };
		D2108E8719E71A3D0012E664 /* pluswhite.png in Resources */ = {isa = PBXBuildFile; fileRef = D2108E3F19E71A3D0012E664 /* pluswhite.png */; };
		D2108E8819E71A3D0012E664 /* pluswhite@2x.png in Resources */ = {isa = PBXBuildFile; fileRef = D2108E4019E71A3D0012E664 /* pluswhite@2x.png */; };
		D2108E8919E71A3D0012E664 /* pluswhite@3x.png in Resources */ = {isa = PBXBuildFile; fileRef = D2108E4119E71A3D0012E664 /* pluswhite@3x.png */; };
		D2108E8A19E71A3D0012E664 /* sliderball.png in Resources */ = {isa = PBXBuildFile; fileRef = D2108E4219E71A3D0012E664 /* sliderball.png */; };
		D2108E8B19E71A3D0012E664 /* sliderball@2x.png in Resources */ = {isa = PBXBuildFile; fileRef = D2108E4319E71A3D0012E664 /* sliderball@2x.png */; };
		D2108E8C19E71A3D0012E664 /* sliderball@3x.png in Resources */ = {isa = PBXBuildFile; fileRef = D2108E4419E71A3D0012E664 /* sliderball@3x.png */; };
		D2108E8D19E71A3D0012E664 /* slidertrack.png in Resources */ = {isa = PBXBuildFile; fileRef = D2108E4519E71A3D0012E664 /* slidertrack.png */; };
		D2108E8E19E71A3D0012E664 /* slidertrack@2x.png in Resources */ = {isa = PBXBuildFile; fileRef = D2108E4619E71A3D0012E664 /* slidertrack@2x.png */; };
		D2108E8F19E71A3D0012E664 /* slidertrack@3x.png in Resources */ = {isa = PBXBuildFile; fileRef = D2108E4719E71A3D0012E664 /* slidertrack@3x.png */; };
		D2108E9019E71A3D0012E664 /* toggleoff.png in Resources */ = {isa = PBXBuildFile; fileRef = D2108E4819E71A3D0012E664 /* toggleoff.png */; };
		D2108E9119E71A3D0012E664 /* toggleoff@2x.png in Resources */ = {isa = PBXBuildFile; fileRef = D2108E4919E71A3D0012E664 /* toggleoff@2x.png */; };
		D2108E9219E71A3D0012E664 /* toggleoff@3x.png in Resources */ = {isa = PBXBuildFile; fileRef = D2108E4A19E71A3D0012E664 /* toggleoff@3x.png */; };
		D2108E9319E71A3D0012E664 /* toggleon.png in Resources */ = {isa = PBXBuildFile; fileRef = D2108E4B19E71A3D0012E664 /* toggleon.png */; };
		D2108E9419E71A3D0012E664 /* toggleon@2x.png in Resources */ = {isa = PBXBuildFile; fileRef = D2108E4C19E71A3D0012E664 /* toggleon@2x.png */; };
		D2108E9519E71A3D0012E664 /* toggleon@3x.png in Resources */ = {isa = PBXBuildFile; fileRef = D2108E4D19E71A3D0012E664 /* toggleon@3x.png */; };
		D2108E9619E71A3D0012E664 /* tumblroff.png in Resources */ = {isa = PBXBuildFile; fileRef = D2108E4E19E71A3D0012E664 /* tumblroff.png */; };
		D2108E9719E71A3D0012E664 /* tumblroff@2x.png in Resources */ = {isa = PBXBuildFile; fileRef = D2108E4F19E71A3D0012E664 /* tumblroff@2x.png */; };
		D2108E9819E71A3D0012E664 /* tumblroff@3x.png in Resources */ = {isa = PBXBuildFile; fileRef = D2108E5019E71A3D0012E664 /* tumblroff@3x.png */; };
		D2108E9919E71A3D0012E664 /* tumblron.png in Resources */ = {isa = PBXBuildFile; fileRef = D2108E5119E71A3D0012E664 /* tumblron.png */; };
		D2108E9A19E71A3D0012E664 /* tumblron@2x.png in Resources */ = {isa = PBXBuildFile; fileRef = D2108E5219E71A3D0012E664 /* tumblron@2x.png */; };
		D2108E9B19E71A3D0012E664 /* tumblron@3x.png in Resources */ = {isa = PBXBuildFile; fileRef = D2108E5319E71A3D0012E664 /* tumblron@3x.png */; };
		D2108E9C19E71A3D0012E664 /* twitteroff.png in Resources */ = {isa = PBXBuildFile; fileRef = D2108E5419E71A3D0012E664 /* twitteroff.png */; };
		D2108E9D19E71A3D0012E664 /* twitteroff@2x.png in Resources */ = {isa = PBXBuildFile; fileRef = D2108E5519E71A3D0012E664 /* twitteroff@2x.png */; };
		D2108E9E19E71A3D0012E664 /* twitteroff@3x.png in Resources */ = {isa = PBXBuildFile; fileRef = D2108E5619E71A3D0012E664 /* twitteroff@3x.png */; };
		D2108E9F19E71A3D0012E664 /* twitteron.png in Resources */ = {isa = PBXBuildFile; fileRef = D2108E5719E71A3D0012E664 /* twitteron.png */; };
		D2108EA019E71A3D0012E664 /* twitteron@2x.png in Resources */ = {isa = PBXBuildFile; fileRef = D2108E5819E71A3D0012E664 /* twitteron@2x.png */; };
		D2108EA119E71A3D0012E664 /* twitteron@3x.png in Resources */ = {isa = PBXBuildFile; fileRef = D2108E5919E71A3D0012E664 /* twitteron@3x.png */; };
		D2108EA219E71A3D0012E664 /* xblack.png in Resources */ = {isa = PBXBuildFile; fileRef = D2108E5A19E71A3D0012E664 /* xblack.png */; };
		D2108EA319E71A3D0012E664 /* xblack@2x.png in Resources */ = {isa = PBXBuildFile; fileRef = D2108E5B19E71A3D0012E664 /* xblack@2x.png */; };
		D2108EA419E71A3D0012E664 /* xblack@3x.png in Resources */ = {isa = PBXBuildFile; fileRef = D2108E5C19E71A3D0012E664 /* xblack@3x.png */; };
		D2108EA519E71A3D0012E664 /* xwhite.png in Resources */ = {isa = PBXBuildFile; fileRef = D2108E5D19E71A3D0012E664 /* xwhite.png */; };
		D2108EA619E71A3D0012E664 /* xwhite@2x.png in Resources */ = {isa = PBXBuildFile; fileRef = D2108E5E19E71A3D0012E664 /* xwhite@2x.png */; };
		D2108EA719E71A3D0012E664 /* xwhite@3x.png in Resources */ = {isa = PBXBuildFile; fileRef = D2108E5F19E71A3D0012E664 /* xwhite@3x.png */; };
		D2108EAE19E721110012E664 /* facebookoff@2x.png in Resources */ = {isa = PBXBuildFile; fileRef = D2108EAC19E721110012E664 /* facebookoff@2x.png */; };
		D2108EAF19E721110012E664 /* facebookoff@3x.png in Resources */ = {isa = PBXBuildFile; fileRef = D2108EAD19E721110012E664 /* facebookoff@3x.png */; };
		D2108EB119E721170012E664 /* facebookoff.png in Resources */ = {isa = PBXBuildFile; fileRef = D2108EB019E721170012E664 /* facebookoff.png */; };
		D2108EB519E725220012E664 /* Images.xcassets in Resources */ = {isa = PBXBuildFile; fileRef = D2108EB419E725220012E664 /* Images.xcassets */; };
		D2108EC919E7291C0012E664 /* Icon-60.png in Resources */ = {isa = PBXBuildFile; fileRef = D2108EB719E7291C0012E664 /* Icon-60.png */; };
		D2108ECA19E7291C0012E664 /* Icon-60@2x.png in Resources */ = {isa = PBXBuildFile; fileRef = D2108EB819E7291C0012E664 /* Icon-60@2x.png */; };
		D2108ECB19E7291C0012E664 /* Icon-60@3x.png in Resources */ = {isa = PBXBuildFile; fileRef = D2108EB919E7291C0012E664 /* Icon-60@3x.png */; };
		D2108ECC19E7291C0012E664 /* Icon-72.png in Resources */ = {isa = PBXBuildFile; fileRef = D2108EBA19E7291C0012E664 /* Icon-72.png */; };
		D2108ECD19E7291C0012E664 /* Icon-72@2x.png in Resources */ = {isa = PBXBuildFile; fileRef = D2108EBB19E7291C0012E664 /* Icon-72@2x.png */; };
		D2108ECE19E7291C0012E664 /* Icon-76.png in Resources */ = {isa = PBXBuildFile; fileRef = D2108EBC19E7291C0012E664 /* Icon-76.png */; };
		D2108ECF19E7291C0012E664 /* Icon-76@2x.png in Resources */ = {isa = PBXBuildFile; fileRef = D2108EBD19E7291C0012E664 /* Icon-76@2x.png */; };
		D2108ED019E7291C0012E664 /* Icon-Small-40.png in Resources */ = {isa = PBXBuildFile; fileRef = D2108EBE19E7291C0012E664 /* Icon-Small-40.png */; };
		D2108ED119E7291C0012E664 /* Icon-Small-40@2x.png in Resources */ = {isa = PBXBuildFile; fileRef = D2108EBF19E7291C0012E664 /* Icon-Small-40@2x.png */; };
		D2108ED219E7291C0012E664 /* Icon-Small-40@3x.png in Resources */ = {isa = PBXBuildFile; fileRef = D2108EC019E7291C0012E664 /* Icon-Small-40@3x.png */; };
		D2108ED319E7291C0012E664 /* Icon-Small-50.png in Resources */ = {isa = PBXBuildFile; fileRef = D2108EC119E7291C0012E664 /* Icon-Small-50.png */; };
		D2108ED419E7291C0012E664 /* Icon-Small-50@2x.png in Resources */ = {isa = PBXBuildFile; fileRef = D2108EC219E7291C0012E664 /* Icon-Small-50@2x.png */; };
		D2108ED519E7291C0012E664 /* Icon-Small.png in Resources */ = {isa = PBXBuildFile; fileRef = D2108EC319E7291C0012E664 /* Icon-Small.png */; };
		D2108ED619E7291C0012E664 /* Icon-Small@2x.png in Resources */ = {isa = PBXBuildFile; fileRef = D2108EC419E7291C0012E664 /* Icon-Small@2x.png */; };
		D2108ED719E7291C0012E664 /* Icon-Small@3x.png in Resources */ = {isa = PBXBuildFile; fileRef = D2108EC519E7291C0012E664 /* Icon-Small@3x.png */; };
		D2108ED819E7291C0012E664 /* Icon.png in Resources */ = {isa = PBXBuildFile; fileRef = D2108EC619E7291C0012E664 /* Icon.png */; };
		D2108ED919E7291C0012E664 /* Icon@2x.png in Resources */ = {isa = PBXBuildFile; fileRef = D2108EC719E7291C0012E664 /* Icon@2x.png */; };
		D2108EDA19E7291C0012E664 /* iTunesArtwork@2x.png in Resources */ = {isa = PBXBuildFile; fileRef = D2108EC819E7291C0012E664 /* iTunesArtwork@2x.png */; };
		D2E47A6219E5BFD200665BC3 /* MavenProLight-300.otf in Resources */ = {isa = PBXBuildFile; fileRef = D2E47A1819E5BFD200665BC3 /* MavenProLight-300.otf */; };
		D2E47B4119E5E1BA00665BC3 /* SCInvisibleArea.swift in Sources */ = {isa = PBXBuildFile; fileRef = D2E47B4019E5E1BA00665BC3 /* SCInvisibleArea.swift */; };
		D2E47B4619E5FA8200665BC3 /* SCObject.swift in Sources */ = {isa = PBXBuildFile; fileRef = D2E47B4519E5FA8200665BC3 /* SCObject.swift */; };
/* End PBXBuildFile section */

/* Begin PBXContainerItemProxy section */
		D2081C6619DA7C8100ABD203 /* PBXContainerItemProxy */ = {
			isa = PBXContainerItemProxy;
			containerPortal = D2081C4319DA7C8100ABD203 /* Project object */;
			proxyType = 1;
			remoteGlobalIDString = D2081C4A19DA7C8100ABD203;
			remoteInfo = "Hand Off Bluetooth Social Media App";
		};
		D2081C8319DA8AD800ABD203 /* PBXContainerItemProxy */ = {
			isa = PBXContainerItemProxy;
			containerPortal = D2081C7E19DA8AD800ABD203 /* Alamofire.xcodeproj */;
			proxyType = 2;
			remoteGlobalIDString = F8111E3319A95C8B0040E7D1;
			remoteInfo = Alamofire;
		};
		D2081C8519DA8AD800ABD203 /* PBXContainerItemProxy */ = {
			isa = PBXContainerItemProxy;
			containerPortal = D2081C7E19DA8AD800ABD203 /* Alamofire.xcodeproj */;
			proxyType = 2;
			remoteGlobalIDString = F8111E3E19A95C8B0040E7D1;
			remoteInfo = AlamofireTests;
		};
/* End PBXContainerItemProxy section */

/* Begin PBXCopyFilesBuildPhase section */
		D2081C8819DA8B0D00ABD203 /* Copy Frameworks */ = {
			isa = PBXCopyFilesBuildPhase;
			buildActionMask = 2147483647;
			dstPath = "";
			dstSubfolderSpec = 10;
			files = (
				D2081C8919DA8B2D00ABD203 /* Alamofire.framework in Copy Frameworks */,
			);
			name = "Copy Frameworks";
			runOnlyForDeploymentPostprocessing = 0;
		};
/* End PBXCopyFilesBuildPhase section */

/* Begin PBXFileReference section */
		D2081C4B19DA7C8100ABD203 /* Beacon.app */ = {isa = PBXFileReference; explicitFileType = wrapper.application; includeInIndex = 0; path = Beacon.app; sourceTree = BUILT_PRODUCTS_DIR; };
		D2081C6519DA7C8100ABD203 /* BeaconTests.xctest */ = {isa = PBXFileReference; explicitFileType = wrapper.cfbundle; includeInIndex = 0; path = BeaconTests.xctest; sourceTree = BUILT_PRODUCTS_DIR; };
		D2081C7E19DA8AD800ABD203 /* Alamofire.xcodeproj */ = {isa = PBXFileReference; lastKnownFileType = "wrapper.pb-project"; name = Alamofire.xcodeproj; path = Alamofire/Alamofire.xcodeproj; sourceTree = "<group>"; };
		D2081CC919E2930500ABD203 /* AppDelegate.swift */ = {isa = PBXFileReference; fileEncoding = 4; lastKnownFileType = sourcecode.swift; path = AppDelegate.swift; sourceTree = "<group>"; };
		D2081CCB19E2930500ABD203 /* Beacon.xcdatamodel */ = {isa = PBXFileReference; lastKnownFileType = wrapper.xcdatamodel; path = Beacon.xcdatamodel; sourceTree = "<group>"; };
		D2081CCD19E2930500ABD203 /* Info.plist */ = {isa = PBXFileReference; fileEncoding = 4; lastKnownFileType = text.plist.xml; path = Info.plist; sourceTree = "<group>"; };
		D2081CCE19E2930500ABD203 /* SCConstants.swift */ = {isa = PBXFileReference; fileEncoding = 4; lastKnownFileType = sourcecode.swift; path = SCConstants.swift; sourceTree = "<group>"; };
		D2081CCF19E2930500ABD203 /* SCHandOffActivityManager.swift */ = {isa = PBXFileReference; fileEncoding = 4; lastKnownFileType = sourcecode.swift; path = SCHandOffActivityManager.swift; sourceTree = "<group>"; };
		D2081CD019E2930500ABD203 /* SCHomeViewController.swift */ = {isa = PBXFileReference; fileEncoding = 4; lastKnownFileType = sourcecode.swift; path = SCHomeViewController.swift; sourceTree = "<group>"; };
		D2081CD119E2930500ABD203 /* SCNetworking.swift */ = {isa = PBXFileReference; fileEncoding = 4; lastKnownFileType = sourcecode.swift; path = SCNetworking.swift; sourceTree = "<group>"; };
		D2081CD319E2930500ABD203 /* SCUser.swift */ = {isa = PBXFileReference; fileEncoding = 4; lastKnownFileType = sourcecode.swift; path = SCUser.swift; sourceTree = "<group>"; };
		D2081CE019E2930D00ABD203 /* Info.plist */ = {isa = PBXFileReference; fileEncoding = 4; lastKnownFileType = text.plist.xml; path = Info.plist; sourceTree = "<group>"; };
		D2081CE619E5345200ABD203 /* SCTheme.swift */ = {isa = PBXFileReference; fileEncoding = 4; lastKnownFileType = sourcecode.swift; path = SCTheme.swift; sourceTree = "<group>"; };
		D2081CEA19E536D800ABD203 /* SCBeaconViewController.swift */ = {isa = PBXFileReference; fileEncoding = 4; lastKnownFileType = sourcecode.swift; path = SCBeaconViewController.swift; sourceTree = "<group>"; };
		D2081CEC19E5414300ABD203 /* SCBeacon.swift */ = {isa = PBXFileReference; fileEncoding = 4; lastKnownFileType = sourcecode.swift; path = SCBeacon.swift; sourceTree = "<group>"; };
		D2081CEE19E5463500ABD203 /* SCSocialIconsToolbar.swift */ = {isa = PBXFileReference; fileEncoding = 4; lastKnownFileType = sourcecode.swift; path = SCSocialIconsToolbar.swift; sourceTree = "<group>"; };
		D2081CF319E66F1500ABD203 /* SCNewInvisibleAreaView.swift */ = {isa = PBXFileReference; fileEncoding = 4; lastKnownFileType = sourcecode.swift; path = SCNewInvisibleAreaView.swift; sourceTree = "<group>"; };
		D2108E1819E71A3D0012E664 /* background.jpg */ = {isa = PBXFileReference; lastKnownFileType = image.jpeg; path = background.jpg; sourceTree = "<group>"; };
		D2108E1919E71A3D0012E664 /* background@2x.jpg */ = {isa = PBXFileReference; lastKnownFileType = image.jpeg; path = "background@2x.jpg"; sourceTree = "<group>"; };
		D2108E1A19E71A3D0012E664 /* background@3x.jpg */ = {isa = PBXFileReference; lastKnownFileType = image.jpeg; path = "background@3x.jpg"; sourceTree = "<group>"; };
		D2108E1E19E71A3D0012E664 /* facebookon.png */ = {isa = PBXFileReference; lastKnownFileType = image.png; path = facebookon.png; sourceTree = "<group>"; };
		D2108E1F19E71A3D0012E664 /* facebookon@2x.png */ = {isa = PBXFileReference; lastKnownFileType = image.png; path = "facebookon@2x.png"; sourceTree = "<group>"; };
		D2108E2019E71A3D0012E664 /* facebookon@3x.png */ = {isa = PBXFileReference; lastKnownFileType = image.png; path = "facebookon@3x.png"; sourceTree = "<group>"; };
		D2108E2119E71A3D0012E664 /* instagramoff.png */ = {isa = PBXFileReference; lastKnownFileType = image.png; path = instagramoff.png; sourceTree = "<group>"; };
		D2108E2219E71A3D0012E664 /* instagramoff@2x.png */ = {isa = PBXFileReference; lastKnownFileType = image.png; path = "instagramoff@2x.png"; sourceTree = "<group>"; };
		D2108E2319E71A3D0012E664 /* instagramoff@3x.png */ = {isa = PBXFileReference; lastKnownFileType = image.png; path = "instagramoff@3x.png"; sourceTree = "<group>"; };
		D2108E2419E71A3D0012E664 /* instagramon.png */ = {isa = PBXFileReference; lastKnownFileType = image.png; path = instagramon.png; sourceTree = "<group>"; };
		D2108E2519E71A3D0012E664 /* instagramon@2x.png */ = {isa = PBXFileReference; lastKnownFileType = image.png; path = "instagramon@2x.png"; sourceTree = "<group>"; };
		D2108E2619E71A3D0012E664 /* instagramon@3x.png */ = {isa = PBXFileReference; lastKnownFileType = image.png; path = "instagramon@3x.png"; sourceTree = "<group>"; };
		D2108E2719E71A3D0012E664 /* linkedinoff.png */ = {isa = PBXFileReference; lastKnownFileType = image.png; path = linkedinoff.png; sourceTree = "<group>"; };
		D2108E2819E71A3D0012E664 /* linkedinoff@2x.png */ = {isa = PBXFileReference; lastKnownFileType = image.png; path = "linkedinoff@2x.png"; sourceTree = "<group>"; };
		D2108E2919E71A3D0012E664 /* linkedinoff@3x.png */ = {isa = PBXFileReference; lastKnownFileType = image.png; path = "linkedinoff@3x.png"; sourceTree = "<group>"; };
		D2108E2A19E71A3D0012E664 /* linkedinon.png */ = {isa = PBXFileReference; lastKnownFileType = image.png; path = linkedinon.png; sourceTree = "<group>"; };
		D2108E2B19E71A3D0012E664 /* linkedinon@2x.png */ = {isa = PBXFileReference; lastKnownFileType = image.png; path = "linkedinon@2x.png"; sourceTree = "<group>"; };
		D2108E2C19E71A3D0012E664 /* linkedinon@3x.png */ = {isa = PBXFileReference; lastKnownFileType = image.png; path = "linkedinon@3x.png"; sourceTree = "<group>"; };
		D2108E2D19E71A3D0012E664 /* loadinglogo.png */ = {isa = PBXFileReference; lastKnownFileType = image.png; path = loadinglogo.png; sourceTree = "<group>"; };
		D2108E2E19E71A3D0012E664 /* loadinglogo@2x.png */ = {isa = PBXFileReference; lastKnownFileType = image.png; path = "loadinglogo@2x.png"; sourceTree = "<group>"; };
		D2108E2F19E71A3D0012E664 /* loadinglogo@3x.png */ = {isa = PBXFileReference; lastKnownFileType = image.png; path = "loadinglogo@3x.png"; sourceTree = "<group>"; };
		D2108E3019E71A3D0012E664 /* locationoff.png */ = {isa = PBXFileReference; lastKnownFileType = image.png; path = locationoff.png; sourceTree = "<group>"; };
		D2108E3119E71A3D0012E664 /* locationoff@2x.png */ = {isa = PBXFileReference; lastKnownFileType = image.png; path = "locationoff@2x.png"; sourceTree = "<group>"; };
		D2108E3219E71A3D0012E664 /* locationoff@3x.png */ = {isa = PBXFileReference; lastKnownFileType = image.png; path = "locationoff@3x.png"; sourceTree = "<group>"; };
		D2108E3319E71A3D0012E664 /* locationon.png */ = {isa = PBXFileReference; lastKnownFileType = image.png; path = locationon.png; sourceTree = "<group>"; };
		D2108E3419E71A3D0012E664 /* locationon@2x.png */ = {isa = PBXFileReference; lastKnownFileType = image.png; path = "locationon@2x.png"; sourceTree = "<group>"; };
		D2108E3519E71A3D0012E664 /* locationon@3x.png */ = {isa = PBXFileReference; lastKnownFileType = image.png; path = "locationon@3x.png"; sourceTree = "<group>"; };
		D2108E3619E71A3D0012E664 /* mainlogo.png */ = {isa = PBXFileReference; lastKnownFileType = image.png; path = mainlogo.png; sourceTree = "<group>"; };
		D2108E3719E71A3D0012E664 /* mainlogo@2x.png */ = {isa = PBXFileReference; lastKnownFileType = image.png; path = "mainlogo@2x.png"; sourceTree = "<group>"; };
		D2108E3819E71A3D0012E664 /* mainlogo@3x.png */ = {isa = PBXFileReference; lastKnownFileType = image.png; path = "mainlogo@3x.png"; sourceTree = "<group>"; };
		D2108E3919E71A3D0012E664 /* overlaybutton.png */ = {isa = PBXFileReference; lastKnownFileType = image.png; path = overlaybutton.png; sourceTree = "<group>"; };
		D2108E3A19E71A3D0012E664 /* overlaybutton@2x.png */ = {isa = PBXFileReference; lastKnownFileType = image.png; path = "overlaybutton@2x.png"; sourceTree = "<group>"; };
		D2108E3B19E71A3D0012E664 /* overlaybutton@3x.png */ = {isa = PBXFileReference; lastKnownFileType = image.png; path = "overlaybutton@3x.png"; sourceTree = "<group>"; };
		D2108E3C19E71A3D0012E664 /* plusblack.png */ = {isa = PBXFileReference; lastKnownFileType = image.png; path = plusblack.png; sourceTree = "<group>"; };
		D2108E3D19E71A3D0012E664 /* plusblack@2x.png */ = {isa = PBXFileReference; lastKnownFileType = image.png; path = "plusblack@2x.png"; sourceTree = "<group>"; };
		D2108E3E19E71A3D0012E664 /* plusblack@3x.png */ = {isa = PBXFileReference; lastKnownFileType = image.png; path = "plusblack@3x.png"; sourceTree = "<group>"; };
		D2108E3F19E71A3D0012E664 /* pluswhite.png */ = {isa = PBXFileReference; lastKnownFileType = image.png; path = pluswhite.png; sourceTree = "<group>"; };
		D2108E4019E71A3D0012E664 /* pluswhite@2x.png */ = {isa = PBXFileReference; lastKnownFileType = image.png; path = "pluswhite@2x.png"; sourceTree = "<group>"; };
		D2108E4119E71A3D0012E664 /* pluswhite@3x.png */ = {isa = PBXFileReference; lastKnownFileType = image.png; path = "pluswhite@3x.png"; sourceTree = "<group>"; };
		D2108E4219E71A3D0012E664 /* sliderball.png */ = {isa = PBXFileReference; lastKnownFileType = image.png; path = sliderball.png; sourceTree = "<group>"; };
		D2108E4319E71A3D0012E664 /* sliderball@2x.png */ = {isa = PBXFileReference; lastKnownFileType = image.png; path = "sliderball@2x.png"; sourceTree = "<group>"; };
		D2108E4419E71A3D0012E664 /* sliderball@3x.png */ = {isa = PBXFileReference; lastKnownFileType = image.png; path = "sliderball@3x.png"; sourceTree = "<group>"; };
		D2108E4519E71A3D0012E664 /* slidertrack.png */ = {isa = PBXFileReference; lastKnownFileType = image.png; path = slidertrack.png; sourceTree = "<group>"; };
		D2108E4619E71A3D0012E664 /* slidertrack@2x.png */ = {isa = PBXFileReference; lastKnownFileType = image.png; path = "slidertrack@2x.png"; sourceTree = "<group>"; };
		D2108E4719E71A3D0012E664 /* slidertrack@3x.png */ = {isa = PBXFileReference; lastKnownFileType = image.png; path = "slidertrack@3x.png"; sourceTree = "<group>"; };
		D2108E4819E71A3D0012E664 /* toggleoff.png */ = {isa = PBXFileReference; lastKnownFileType = image.png; path = toggleoff.png; sourceTree = "<group>"; };
		D2108E4919E71A3D0012E664 /* toggleoff@2x.png */ = {isa = PBXFileReference; lastKnownFileType = image.png; path = "toggleoff@2x.png"; sourceTree = "<group>"; };
		D2108E4A19E71A3D0012E664 /* toggleoff@3x.png */ = {isa = PBXFileReference; lastKnownFileType = image.png; path = "toggleoff@3x.png"; sourceTree = "<group>"; };
		D2108E4B19E71A3D0012E664 /* toggleon.png */ = {isa = PBXFileReference; lastKnownFileType = image.png; path = toggleon.png; sourceTree = "<group>"; };
		D2108E4C19E71A3D0012E664 /* toggleon@2x.png */ = {isa = PBXFileReference; lastKnownFileType = image.png; path = "toggleon@2x.png"; sourceTree = "<group>"; };
		D2108E4D19E71A3D0012E664 /* toggleon@3x.png */ = {isa = PBXFileReference; lastKnownFileType = image.png; path = "toggleon@3x.png"; sourceTree = "<group>"; };
		D2108E4E19E71A3D0012E664 /* tumblroff.png */ = {isa = PBXFileReference; lastKnownFileType = image.png; path = tumblroff.png; sourceTree = "<group>"; };
		D2108E4F19E71A3D0012E664 /* tumblroff@2x.png */ = {isa = PBXFileReference; lastKnownFileType = image.png; path = "tumblroff@2x.png"; sourceTree = "<group>"; };
		D2108E5019E71A3D0012E664 /* tumblroff@3x.png */ = {isa = PBXFileReference; lastKnownFileType = image.png; path = "tumblroff@3x.png"; sourceTree = "<group>"; };
		D2108E5119E71A3D0012E664 /* tumblron.png */ = {isa = PBXFileReference; lastKnownFileType = image.png; path = tumblron.png; sourceTree = "<group>"; };
		D2108E5219E71A3D0012E664 /* tumblron@2x.png */ = {isa = PBXFileReference; lastKnownFileType = image.png; path = "tumblron@2x.png"; sourceTree = "<group>"; };
		D2108E5319E71A3D0012E664 /* tumblron@3x.png */ = {isa = PBXFileReference; lastKnownFileType = image.png; path = "tumblron@3x.png"; sourceTree = "<group>"; };
		D2108E5419E71A3D0012E664 /* twitteroff.png */ = {isa = PBXFileReference; lastKnownFileType = image.png; path = twitteroff.png; sourceTree = "<group>"; };
		D2108E5519E71A3D0012E664 /* twitteroff@2x.png */ = {isa = PBXFileReference; lastKnownFileType = image.png; path = "twitteroff@2x.png"; sourceTree = "<group>"; };
		D2108E5619E71A3D0012E664 /* twitteroff@3x.png */ = {isa = PBXFileReference; lastKnownFileType = image.png; path = "twitteroff@3x.png"; sourceTree = "<group>"; };
		D2108E5719E71A3D0012E664 /* twitteron.png */ = {isa = PBXFileReference; lastKnownFileType = image.png; path = twitteron.png; sourceTree = "<group>"; };
		D2108E5819E71A3D0012E664 /* twitteron@2x.png */ = {isa = PBXFileReference; lastKnownFileType = image.png; path = "twitteron@2x.png"; sourceTree = "<group>"; };
		D2108E5919E71A3D0012E664 /* twitteron@3x.png */ = {isa = PBXFileReference; lastKnownFileType = image.png; path = "twitteron@3x.png"; sourceTree = "<group>"; };
		D2108E5A19E71A3D0012E664 /* xblack.png */ = {isa = PBXFileReference; lastKnownFileType = image.png; path = xblack.png; sourceTree = "<group>"; };
		D2108E5B19E71A3D0012E664 /* xblack@2x.png */ = {isa = PBXFileReference; lastKnownFileType = image.png; path = "xblack@2x.png"; sourceTree = "<group>"; };
		D2108E5C19E71A3D0012E664 /* xblack@3x.png */ = {isa = PBXFileReference; lastKnownFileType = image.png; path = "xblack@3x.png"; sourceTree = "<group>"; };
		D2108E5D19E71A3D0012E664 /* xwhite.png */ = {isa = PBXFileReference; lastKnownFileType = image.png; path = xwhite.png; sourceTree = "<group>"; };
		D2108E5E19E71A3D0012E664 /* xwhite@2x.png */ = {isa = PBXFileReference; lastKnownFileType = image.png; path = "xwhite@2x.png"; sourceTree = "<group>"; };
		D2108E5F19E71A3D0012E664 /* xwhite@3x.png */ = {isa = PBXFileReference; lastKnownFileType = image.png; path = "xwhite@3x.png"; sourceTree = "<group>"; };
		D2108EAC19E721110012E664 /* facebookoff@2x.png */ = {isa = PBXFileReference; lastKnownFileType = image.png; path = "facebookoff@2x.png"; sourceTree = "<group>"; };
		D2108EAD19E721110012E664 /* facebookoff@3x.png */ = {isa = PBXFileReference; lastKnownFileType = image.png; path = "facebookoff@3x.png"; sourceTree = "<group>"; };
		D2108EB019E721170012E664 /* facebookoff.png */ = {isa = PBXFileReference; lastKnownFileType = image.png; path = facebookoff.png; sourceTree = "<group>"; };
		D2108EB419E725220012E664 /* Images.xcassets */ = {isa = PBXFileReference; lastKnownFileType = folder.assetcatalog; name = Images.xcassets; path = Assets/Images/Images.xcassets; sourceTree = "<group>"; };
		D2108EB719E7291C0012E664 /* Icon-60.png */ = {isa = PBXFileReference; lastKnownFileType = image.png; path = "Icon-60.png"; sourceTree = "<group>"; };
		D2108EB819E7291C0012E664 /* Icon-60@2x.png */ = {isa = PBXFileReference; lastKnownFileType = image.png; path = "Icon-60@2x.png"; sourceTree = "<group>"; };
		D2108EB919E7291C0012E664 /* Icon-60@3x.png */ = {isa = PBXFileReference; lastKnownFileType = image.png; path = "Icon-60@3x.png"; sourceTree = "<group>"; };
		D2108EBA19E7291C0012E664 /* Icon-72.png */ = {isa = PBXFileReference; lastKnownFileType = image.png; path = "Icon-72.png"; sourceTree = "<group>"; };
		D2108EBB19E7291C0012E664 /* Icon-72@2x.png */ = {isa = PBXFileReference; lastKnownFileType = image.png; path = "Icon-72@2x.png"; sourceTree = "<group>"; };
		D2108EBC19E7291C0012E664 /* Icon-76.png */ = {isa = PBXFileReference; lastKnownFileType = image.png; path = "Icon-76.png"; sourceTree = "<group>"; };
		D2108EBD19E7291C0012E664 /* Icon-76@2x.png */ = {isa = PBXFileReference; lastKnownFileType = image.png; path = "Icon-76@2x.png"; sourceTree = "<group>"; };
		D2108EBE19E7291C0012E664 /* Icon-Small-40.png */ = {isa = PBXFileReference; lastKnownFileType = image.png; path = "Icon-Small-40.png"; sourceTree = "<group>"; };
		D2108EBF19E7291C0012E664 /* Icon-Small-40@2x.png */ = {isa = PBXFileReference; lastKnownFileType = image.png; path = "Icon-Small-40@2x.png"; sourceTree = "<group>"; };
		D2108EC019E7291C0012E664 /* Icon-Small-40@3x.png */ = {isa = PBXFileReference; lastKnownFileType = image.png; path = "Icon-Small-40@3x.png"; sourceTree = "<group>"; };
		D2108EC119E7291C0012E664 /* Icon-Small-50.png */ = {isa = PBXFileReference; lastKnownFileType = image.png; path = "Icon-Small-50.png"; sourceTree = "<group>"; };
		D2108EC219E7291C0012E664 /* Icon-Small-50@2x.png */ = {isa = PBXFileReference; lastKnownFileType = image.png; path = "Icon-Small-50@2x.png"; sourceTree = "<group>"; };
		D2108EC319E7291C0012E664 /* Icon-Small.png */ = {isa = PBXFileReference; lastKnownFileType = image.png; path = "Icon-Small.png"; sourceTree = "<group>"; };
		D2108EC419E7291C0012E664 /* Icon-Small@2x.png */ = {isa = PBXFileReference; lastKnownFileType = image.png; path = "Icon-Small@2x.png"; sourceTree = "<group>"; };
		D2108EC519E7291C0012E664 /* Icon-Small@3x.png */ = {isa = PBXFileReference; lastKnownFileType = image.png; path = "Icon-Small@3x.png"; sourceTree = "<group>"; };
		D2108EC619E7291C0012E664 /* Icon.png */ = {isa = PBXFileReference; lastKnownFileType = image.png; path = Icon.png; sourceTree = "<group>"; };
		D2108EC719E7291C0012E664 /* Icon@2x.png */ = {isa = PBXFileReference; lastKnownFileType = image.png; path = "Icon@2x.png"; sourceTree = "<group>"; };
		D2108EC819E7291C0012E664 /* iTunesArtwork@2x.png */ = {isa = PBXFileReference; lastKnownFileType = image.png; path = "iTunesArtwork@2x.png"; sourceTree = "<group>"; };
		D2E47A1819E5BFD200665BC3 /* MavenProLight-300.otf */ = {isa = PBXFileReference; lastKnownFileType = file; path = "MavenProLight-300.otf"; sourceTree = "<group>"; };
		D2E47B4019E5E1BA00665BC3 /* SCInvisibleArea.swift */ = {isa = PBXFileReference; fileEncoding = 4; lastKnownFileType = sourcecode.swift; path = SCInvisibleArea.swift; sourceTree = "<group>"; };
		D2E47B4519E5FA8200665BC3 /* SCObject.swift */ = {isa = PBXFileReference; fileEncoding = 4; lastKnownFileType = sourcecode.swift; path = SCObject.swift; sourceTree = "<group>"; };
/* End PBXFileReference section */

/* Begin PBXFrameworksBuildPhase section */
		D2081C4819DA7C8100ABD203 /* Frameworks */ = {
			isa = PBXFrameworksBuildPhase;
			buildActionMask = 2147483647;
			files = (
				D2081C8719DA8B0300ABD203 /* Alamofire.framework in Frameworks */,
			);
			runOnlyForDeploymentPostprocessing = 0;
		};
		D2081C6219DA7C8100ABD203 /* Frameworks */ = {
			isa = PBXFrameworksBuildPhase;
			buildActionMask = 2147483647;
			files = (
			);
			runOnlyForDeploymentPostprocessing = 0;
		};
/* End PBXFrameworksBuildPhase section */

/* Begin PBXGroup section */
		D2081C4219DA7C8100ABD203 = {
			isa = PBXGroup;
			children = (
				D2081CC819E2930500ABD203 /* Beacon */,
				D2081CE319E2935700ABD203 /* Supporting Files */,
				D2081CDE19E2930D00ABD203 /* BeaconTests */,
				D2081C4C19DA7C8100ABD203 /* Products */,
				D2081C7E19DA8AD800ABD203 /* Alamofire.xcodeproj */,
			);
			sourceTree = "<group>";
		};
		D2081C4C19DA7C8100ABD203 /* Products */ = {
			isa = PBXGroup;
			children = (
				D2081C4B19DA7C8100ABD203 /* Beacon.app */,
				D2081C6519DA7C8100ABD203 /* BeaconTests.xctest */,
			);
			name = Products;
			sourceTree = "<group>";
		};
		D2081C7F19DA8AD800ABD203 /* Products */ = {
			isa = PBXGroup;
			children = (
				D2081C8419DA8AD800ABD203 /* Alamofire.framework */,
				D2081C8619DA8AD800ABD203 /* AlamofireTests.xctest */,
			);
			name = Products;
			sourceTree = "<group>";
		};
		D2081CC819E2930500ABD203 /* Beacon */ = {
			isa = PBXGroup;
			children = (
				D2081CC919E2930500ABD203 /* AppDelegate.swift */,
				D2081CCE19E2930500ABD203 /* SCConstants.swift */,
				D2081CCF19E2930500ABD203 /* SCHandOffActivityManager.swift */,
				D2081CD019E2930500ABD203 /* SCHomeViewController.swift */,
				D2081CD119E2930500ABD203 /* SCNetworking.swift */,
				D2081CD319E2930500ABD203 /* SCUser.swift */,
				D2E47B4019E5E1BA00665BC3 /* SCInvisibleArea.swift */,
				D2081CE619E5345200ABD203 /* SCTheme.swift */,
				D2081CEA19E536D800ABD203 /* SCBeaconViewController.swift */,
				D2081CEC19E5414300ABD203 /* SCBeacon.swift */,
				D2081CEE19E5463500ABD203 /* SCSocialIconsToolbar.swift */,
				D2E47B4519E5FA8200665BC3 /* SCObject.swift */,
				D2081CF319E66F1500ABD203 /* SCNewInvisibleAreaView.swift */,
			);
			path = Beacon;
			sourceTree = "<group>";
		};
		D2081CDE19E2930D00ABD203 /* BeaconTests */ = {
			isa = PBXGroup;
			children = (
				D2081CE019E2930D00ABD203 /* Info.plist */,
			);
			path = BeaconTests;
			sourceTree = "<group>";
		};
		D2081CE319E2935700ABD203 /* Supporting Files */ = {
			isa = PBXGroup;
			children = (
				D2E47A1619E5BFD200665BC3 /* Assets */,
				D2081CCA19E2930500ABD203 /* Beacon.xcdatamodeld */,
				D2108EB419E725220012E664 /* Images.xcassets */,
				D2081CCD19E2930500ABD203 /* Info.plist */,
			);
			name = "Supporting Files";
			path = Beacon;
			sourceTree = "<group>";
		};
		D2108E1719E71A3D0012E664 /* Images */ = {
			isa = PBXGroup;
			children = (
				D2108E1819E71A3D0012E664 /* background.jpg */,
				D2108E1919E71A3D0012E664 /* background@2x.jpg */,
				D2108E1A19E71A3D0012E664 /* background@3x.jpg */,
				D2108EB019E721170012E664 /* facebookoff.png */,
				D2108EAC19E721110012E664 /* facebookoff@2x.png */,
				D2108EAD19E721110012E664 /* facebookoff@3x.png */,
				D2108E1E19E71A3D0012E664 /* facebookon.png */,
				D2108E1F19E71A3D0012E664 /* facebookon@2x.png */,
				D2108E2019E71A3D0012E664 /* facebookon@3x.png */,
				D2108E2119E71A3D0012E664 /* instagramoff.png */,
				D2108E2219E71A3D0012E664 /* instagramoff@2x.png */,
				D2108E2319E71A3D0012E664 /* instagramoff@3x.png */,
				D2108E2419E71A3D0012E664 /* instagramon.png */,
				D2108E2519E71A3D0012E664 /* instagramon@2x.png */,
				D2108E2619E71A3D0012E664 /* instagramon@3x.png */,
				D2108E2719E71A3D0012E664 /* linkedinoff.png */,
				D2108E2819E71A3D0012E664 /* linkedinoff@2x.png */,
				D2108E2919E71A3D0012E664 /* linkedinoff@3x.png */,
				D2108E2A19E71A3D0012E664 /* linkedinon.png */,
				D2108E2B19E71A3D0012E664 /* linkedinon@2x.png */,
				D2108E2C19E71A3D0012E664 /* linkedinon@3x.png */,
				D2108E2D19E71A3D0012E664 /* loadinglogo.png */,
				D2108E2E19E71A3D0012E664 /* loadinglogo@2x.png */,
				D2108E2F19E71A3D0012E664 /* loadinglogo@3x.png */,
				D2108E3019E71A3D0012E664 /* locationoff.png */,
				D2108E3119E71A3D0012E664 /* locationoff@2x.png */,
				D2108E3219E71A3D0012E664 /* locationoff@3x.png */,
				D2108E3319E71A3D0012E664 /* locationon.png */,
				D2108E3419E71A3D0012E664 /* locationon@2x.png */,
				D2108E3519E71A3D0012E664 /* locationon@3x.png */,
				D2108E3619E71A3D0012E664 /* mainlogo.png */,
				D2108E3719E71A3D0012E664 /* mainlogo@2x.png */,
				D2108E3819E71A3D0012E664 /* mainlogo@3x.png */,
				D2108E3919E71A3D0012E664 /* overlaybutton.png */,
				D2108E3A19E71A3D0012E664 /* overlaybutton@2x.png */,
				D2108E3B19E71A3D0012E664 /* overlaybutton@3x.png */,
				D2108E3C19E71A3D0012E664 /* plusblack.png */,
				D2108E3D19E71A3D0012E664 /* plusblack@2x.png */,
				D2108E3E19E71A3D0012E664 /* plusblack@3x.png */,
				D2108E3F19E71A3D0012E664 /* pluswhite.png */,
				D2108E4019E71A3D0012E664 /* pluswhite@2x.png */,
				D2108E4119E71A3D0012E664 /* pluswhite@3x.png */,
				D2108E4219E71A3D0012E664 /* sliderball.png */,
				D2108E4319E71A3D0012E664 /* sliderball@2x.png */,
				D2108E4419E71A3D0012E664 /* sliderball@3x.png */,
				D2108E4519E71A3D0012E664 /* slidertrack.png */,
				D2108E4619E71A3D0012E664 /* slidertrack@2x.png */,
				D2108E4719E71A3D0012E664 /* slidertrack@3x.png */,
				D2108E4819E71A3D0012E664 /* toggleoff.png */,
				D2108E4919E71A3D0012E664 /* toggleoff@2x.png */,
				D2108E4A19E71A3D0012E664 /* toggleoff@3x.png */,
				D2108E4B19E71A3D0012E664 /* toggleon.png */,
				D2108E4C19E71A3D0012E664 /* toggleon@2x.png */,
				D2108E4D19E71A3D0012E664 /* toggleon@3x.png */,
				D2108E4E19E71A3D0012E664 /* tumblroff.png */,
				D2108E4F19E71A3D0012E664 /* tumblroff@2x.png */,
				D2108E5019E71A3D0012E664 /* tumblroff@3x.png */,
				D2108E5119E71A3D0012E664 /* tumblron.png */,
				D2108E5219E71A3D0012E664 /* tumblron@2x.png */,
				D2108E5319E71A3D0012E664 /* tumblron@3x.png */,
				D2108E5419E71A3D0012E664 /* twitteroff.png */,
				D2108E5519E71A3D0012E664 /* twitteroff@2x.png */,
				D2108E5619E71A3D0012E664 /* twitteroff@3x.png */,
				D2108E5719E71A3D0012E664 /* twitteron.png */,
				D2108E5819E71A3D0012E664 /* twitteron@2x.png */,
				D2108E5919E71A3D0012E664 /* twitteron@3x.png */,
				D2108E5A19E71A3D0012E664 /* xblack.png */,
				D2108E5B19E71A3D0012E664 /* xblack@2x.png */,
				D2108E5C19E71A3D0012E664 /* xblack@3x.png */,
				D2108E5D19E71A3D0012E664 /* xwhite.png */,
				D2108E5E19E71A3D0012E664 /* xwhite@2x.png */,
				D2108E5F19E71A3D0012E664 /* xwhite@3x.png */,
			);
			path = Images;
			sourceTree = "<group>";
		};
		D2108EB619E7291C0012E664 /* Icons */ = {
			isa = PBXGroup;
			children = (
				D2108EB719E7291C0012E664 /* Icon-60.png */,
				D2108EB819E7291C0012E664 /* Icon-60@2x.png */,
				D2108EB919E7291C0012E664 /* Icon-60@3x.png */,
				D2108EBA19E7291C0012E664 /* Icon-72.png */,
				D2108EBB19E7291C0012E664 /* Icon-72@2x.png */,
				D2108EBC19E7291C0012E664 /* Icon-76.png */,
				D2108EBD19E7291C0012E664 /* Icon-76@2x.png */,
				D2108EBE19E7291C0012E664 /* Icon-Small-40.png */,
				D2108EBF19E7291C0012E664 /* Icon-Small-40@2x.png */,
				D2108EC019E7291C0012E664 /* Icon-Small-40@3x.png */,
				D2108EC119E7291C0012E664 /* Icon-Small-50.png */,
				D2108EC219E7291C0012E664 /* Icon-Small-50@2x.png */,
				D2108EC319E7291C0012E664 /* Icon-Small.png */,
				D2108EC419E7291C0012E664 /* Icon-Small@2x.png */,
				D2108EC519E7291C0012E664 /* Icon-Small@3x.png */,
				D2108EC619E7291C0012E664 /* Icon.png */,
				D2108EC719E7291C0012E664 /* Icon@2x.png */,
				D2108EC819E7291C0012E664 /* iTunesArtwork@2x.png */,
			);
			path = Icons;
			sourceTree = "<group>";
		};
		D2E47A1619E5BFD200665BC3 /* Assets */ = {
			isa = PBXGroup;
			children = (
				D2108EB619E7291C0012E664 /* Icons */,
				D2E47A1719E5BFD200665BC3 /* Font */,
				D2108E1719E71A3D0012E664 /* Images */,
			);
			path = Assets;
			sourceTree = "<group>";
		};
		D2E47A1719E5BFD200665BC3 /* Font */ = {
			isa = PBXGroup;
			children = (
				D2E47A1819E5BFD200665BC3 /* MavenProLight-300.otf */,
			);
			path = Font;
			sourceTree = "<group>";
		};
/* End PBXGroup section */

/* Begin PBXNativeTarget section */
		D2081C4A19DA7C8100ABD203 /* Beacon */ = {
			isa = PBXNativeTarget;
			buildConfigurationList = D2081C6F19DA7C8100ABD203 /* Build configuration list for PBXNativeTarget "Beacon" */;
			buildPhases = (
				D2081C4719DA7C8100ABD203 /* Sources */,
				D2081C4819DA7C8100ABD203 /* Frameworks */,
				D2081C4919DA7C8100ABD203 /* Resources */,
				D2081C8819DA8B0D00ABD203 /* Copy Frameworks */,
			);
			buildRules = (
			);
			dependencies = (
			);
			name = Beacon;
			productName = "Hand Off Bluetooth Social Media App";
			productReference = D2081C4B19DA7C8100ABD203 /* Beacon.app */;
			productType = "com.apple.product-type.application";
		};
		D2081C6419DA7C8100ABD203 /* BeaconTests */ = {
			isa = PBXNativeTarget;
			buildConfigurationList = D2081C7219DA7C8100ABD203 /* Build configuration list for PBXNativeTarget "BeaconTests" */;
			buildPhases = (
				D2081C6119DA7C8100ABD203 /* Sources */,
				D2081C6219DA7C8100ABD203 /* Frameworks */,
				D2081C6319DA7C8100ABD203 /* Resources */,
			);
			buildRules = (
			);
			dependencies = (
				D2081C6719DA7C8100ABD203 /* PBXTargetDependency */,
			);
			name = BeaconTests;
			productName = "Hand Off Bluetooth Social Media AppTests";
			productReference = D2081C6519DA7C8100ABD203 /* BeaconTests.xctest */;
			productType = "com.apple.product-type.bundle.unit-test";
		};
/* End PBXNativeTarget section */

/* Begin PBXProject section */
		D2081C4319DA7C8100ABD203 /* Project object */ = {
			isa = PBXProject;
			attributes = {
				LastUpgradeCheck = 0600;
				ORGANIZATIONNAME = "Jake Peterson";
				TargetAttributes = {
					D2081C4A19DA7C8100ABD203 = {
						CreatedOnToolsVersion = 6.0.1;
						DevelopmentTeam = WZC9XL8SME;
					};
					D2081C6419DA7C8100ABD203 = {
						CreatedOnToolsVersion = 6.0.1;
						TestTargetID = D2081C4A19DA7C8100ABD203;
					};
				};
			};
			buildConfigurationList = D2081C4619DA7C8100ABD203 /* Build configuration list for PBXProject "Beacon" */;
			compatibilityVersion = "Xcode 3.2";
			developmentRegion = English;
			hasScannedForEncodings = 0;
			knownRegions = (
				en,
				Base,
			);
			mainGroup = D2081C4219DA7C8100ABD203;
			productRefGroup = D2081C4C19DA7C8100ABD203 /* Products */;
			projectDirPath = "";
			projectReferences = (
				{
					ProductGroup = D2081C7F19DA8AD800ABD203 /* Products */;
					ProjectRef = D2081C7E19DA8AD800ABD203 /* Alamofire.xcodeproj */;
				},
			);
			projectRoot = "";
			targets = (
				D2081C4A19DA7C8100ABD203 /* Beacon */,
				D2081C6419DA7C8100ABD203 /* BeaconTests */,
			);
		};
/* End PBXProject section */

/* Begin PBXReferenceProxy section */
		D2081C8419DA8AD800ABD203 /* Alamofire.framework */ = {
			isa = PBXReferenceProxy;
			fileType = wrapper.framework;
			path = Alamofire.framework;
			remoteRef = D2081C8319DA8AD800ABD203 /* PBXContainerItemProxy */;
			sourceTree = BUILT_PRODUCTS_DIR;
		};
		D2081C8619DA8AD800ABD203 /* AlamofireTests.xctest */ = {
			isa = PBXReferenceProxy;
			fileType = wrapper.cfbundle;
			path = AlamofireTests.xctest;
			remoteRef = D2081C8519DA8AD800ABD203 /* PBXContainerItemProxy */;
			sourceTree = BUILT_PRODUCTS_DIR;
		};
/* End PBXReferenceProxy section */

/* Begin PBXResourcesBuildPhase section */
		D2081C4919DA7C8100ABD203 /* Resources */ = {
			isa = PBXResourcesBuildPhase;
			buildActionMask = 2147483647;
			files = (
				D2108EB119E721170012E664 /* facebookoff.png in Resources */,
				D2108E9C19E71A3D0012E664 /* twitteroff.png in Resources */,
				D2108E8F19E71A3D0012E664 /* slidertrack@3x.png in Resources */,
				D2108E9019E71A3D0012E664 /* toggleoff.png in Resources */,
				D2108E9719E71A3D0012E664 /* tumblroff@2x.png in Resources */,
				D2108E9219E71A3D0012E664 /* toggleoff@3x.png in Resources */,
				D2108E8419E71A3D0012E664 /* plusblack.png in Resources */,
				D2108ED119E7291C0012E664 /* Icon-Small-40@2x.png in Resources */,
				D2108EA119E71A3D0012E664 /* twitteron@3x.png in Resources */,
				D2108E7619E71A3D0012E664 /* loadinglogo@2x.png in Resources */,
				D2108E6019E71A3D0012E664 /* background.jpg in Resources */,
				D2108ECF19E7291C0012E664 /* Icon-76@2x.png in Resources */,
				D2108E8319E71A3D0012E664 /* overlaybutton@3x.png in Resources */,
				D2108E9419E71A3D0012E664 /* toggleon@2x.png in Resources */,
				D2108E7519E71A3D0012E664 /* loadinglogo.png in Resources */,
				D2108E8A19E71A3D0012E664 /* sliderball.png in Resources */,
				D2108E7719E71A3D0012E664 /* loadinglogo@3x.png in Resources */,
				D2108E6C19E71A3D0012E664 /* instagramon.png in Resources */,
				D2108E7D19E71A3D0012E664 /* locationon@3x.png in Resources */,
				D2108ECE19E7291C0012E664 /* Icon-76.png in Resources */,
				D2108E6E19E71A3D0012E664 /* instagramon@3x.png in Resources */,
				D2108ED619E7291C0012E664 /* Icon-Small@2x.png in Resources */,
				D2108E8719E71A3D0012E664 /* pluswhite.png in Resources */,
				D2108E9319E71A3D0012E664 /* toggleon.png in Resources */,
				D2108E9F19E71A3D0012E664 /* twitteron.png in Resources */,
				D2108E7819E71A3D0012E664 /* locationoff.png in Resources */,
				D2108ED019E7291C0012E664 /* Icon-Small-40.png in Resources */,
				D2108E6D19E71A3D0012E664 /* instagramon@2x.png in Resources */,
				D2108E7C19E71A3D0012E664 /* locationon@2x.png in Resources */,
				D2108EA619E71A3D0012E664 /* xwhite@2x.png in Resources */,
				D2108E7A19E71A3D0012E664 /* locationoff@3x.png in Resources */,
				D2108E7F19E71A3D0012E664 /* mainlogo@2x.png in Resources */,
				D2108E8019E71A3D0012E664 /* mainlogo@3x.png in Resources */,
				D2108E7219E71A3D0012E664 /* linkedinon.png in Resources */,
				D2108E6619E71A3D0012E664 /* facebookon.png in Resources */,
				D2108E6719E71A3D0012E664 /* facebookon@2x.png in Resources */,
				D2E47A6219E5BFD200665BC3 /* MavenProLight-300.otf in Resources */,
				D2108ECB19E7291C0012E664 /* Icon-60@3x.png in Resources */,
				D2108E8119E71A3D0012E664 /* overlaybutton.png in Resources */,
				D2108E6119E71A3D0012E664 /* background@2x.jpg in Resources */,
				D2108ECC19E7291C0012E664 /* Icon-72.png in Resources */,
				D2108E9919E71A3D0012E664 /* tumblron.png in Resources */,
				D2108ECD19E7291C0012E664 /* Icon-72@2x.png in Resources */,
				D2108EC919E7291C0012E664 /* Icon-60.png in Resources */,
				D2108E8519E71A3D0012E664 /* plusblack@2x.png in Resources */,
				D2108EA219E71A3D0012E664 /* xblack.png in Resources */,
				D2108E7119E71A3D0012E664 /* linkedinoff@3x.png in Resources */,
				D2108EA019E71A3D0012E664 /* twitteron@2x.png in Resources */,
				D2108E7E19E71A3D0012E664 /* mainlogo.png in Resources */,
				D2108EAF19E721110012E664 /* facebookoff@3x.png in Resources */,
				D2108E6F19E71A3D0012E664 /* linkedinoff.png in Resources */,
				D2108E7B19E71A3D0012E664 /* locationon.png in Resources */,
				D2108E6A19E71A3D0012E664 /* instagramoff@2x.png in Resources */,
				D2108ED419E7291C0012E664 /* Icon-Small-50@2x.png in Resources */,
				D2108E8219E71A3D0012E664 /* overlaybutton@2x.png in Resources */,
				D2108E9619E71A3D0012E664 /* tumblroff.png in Resources */,
				D2108E8819E71A3D0012E664 /* pluswhite@2x.png in Resources */,
				D2108E6919E71A3D0012E664 /* instagramoff.png in Resources */,
				D2108E9819E71A3D0012E664 /* tumblroff@3x.png in Resources */,
				D2108E6819E71A3D0012E664 /* facebookon@3x.png in Resources */,
				D2108ED219E7291C0012E664 /* Icon-Small-40@3x.png in Resources */,
				D2108EB519E725220012E664 /* Images.xcassets in Resources */,
				D2108E8B19E71A3D0012E664 /* sliderball@2x.png in Resources */,
				D2108E7019E71A3D0012E664 /* linkedinoff@2x.png in Resources */,
				D2108ED319E7291C0012E664 /* Icon-Small-50.png in Resources */,
				D2108E6219E71A3D0012E664 /* background@3x.jpg in Resources */,
				D2108ECA19E7291C0012E664 /* Icon-60@2x.png in Resources */,
				D2108E7319E71A3D0012E664 /* linkedinon@2x.png in Resources */,
				D2108E7419E71A3D0012E664 /* linkedinon@3x.png in Resources */,
				D2108E9E19E71A3D0012E664 /* twitteroff@3x.png in Resources */,
				D2108E8C19E71A3D0012E664 /* sliderball@3x.png in Resources */,
				D2108E8D19E71A3D0012E664 /* slidertrack.png in Resources */,
				D2108ED819E7291C0012E664 /* Icon.png in Resources */,
				D2108E9B19E71A3D0012E664 /* tumblron@3x.png in Resources */,
				D2108E8919E71A3D0012E664 /* pluswhite@3x.png in Resources */,
				D2108E9119E71A3D0012E664 /* toggleoff@2x.png in Resources */,
				D2108E8E19E71A3D0012E664 /* slidertrack@2x.png in Resources */,
				D2108EA519E71A3D0012E664 /* xwhite.png in Resources */,
				D2108E6B19E71A3D0012E664 /* instagramoff@3x.png in Resources */,
				D2108ED919E7291C0012E664 /* Icon@2x.png in Resources */,
				D2108E9A19E71A3D0012E664 /* tumblron@2x.png in Resources */,
				D2108E9519E71A3D0012E664 /* toggleon@3x.png in Resources */,
				D2108EA319E71A3D0012E664 /* xblack@2x.png in Resources */,
				D2108ED519E7291C0012E664 /* Icon-Small.png in Resources */,
				D2108E9D19E71A3D0012E664 /* twitteroff@2x.png in Resources */,
				D2108ED719E7291C0012E664 /* Icon-Small@3x.png in Resources */,
				D2108E8619E71A3D0012E664 /* plusblack@3x.png in Resources */,
				D2108EAE19E721110012E664 /* facebookoff@2x.png in Resources */,
				D2108EA719E71A3D0012E664 /* xwhite@3x.png in Resources */,
				D2108EA419E71A3D0012E664 /* xblack@3x.png in Resources */,
				D2108E7919E71A3D0012E664 /* locationoff@2x.png in Resources */,
				D2108EDA19E7291C0012E664 /* iTunesArtwork@2x.png in Resources */,
			);
			runOnlyForDeploymentPostprocessing = 0;
		};
		D2081C6319DA7C8100ABD203 /* Resources */ = {
			isa = PBXResourcesBuildPhase;
			buildActionMask = 2147483647;
			files = (
			);
			runOnlyForDeploymentPostprocessing = 0;
		};
/* End PBXResourcesBuildPhase section */

/* Begin PBXSourcesBuildPhase section */
		D2081C4719DA7C8100ABD203 /* Sources */ = {
			isa = PBXSourcesBuildPhase;
			buildActionMask = 2147483647;
			files = (
				D2081CED19E5414300ABD203 /* SCBeacon.swift in Sources */,
				D2081CE719E5345200ABD203 /* SCTheme.swift in Sources */,
				D2081CD819E2930500ABD203 /* SCConstants.swift in Sources */,
				D2081CDA19E2930500ABD203 /* SCHomeViewController.swift in Sources */,
				D2081CF419E66F1500ABD203 /* SCNewInvisibleAreaView.swift in Sources */,
				D2E47B4119E5E1BA00665BC3 /* SCInvisibleArea.swift in Sources */,
				D2081CEF19E5463500ABD203 /* SCSocialIconsToolbar.swift in Sources */,
				D2081CD919E2930500ABD203 /* SCHandOffActivityManager.swift in Sources */,
				D2081CDB19E2930500ABD203 /* SCNetworking.swift in Sources */,
				D2081CDD19E2930500ABD203 /* SCUser.swift in Sources */,
				D2081CEB19E536D800ABD203 /* SCBeaconViewController.swift in Sources */,
				D2E47B4619E5FA8200665BC3 /* SCObject.swift in Sources */,
				D2081CD419E2930500ABD203 /* AppDelegate.swift in Sources */,
				D2081CD519E2930500ABD203 /* Beacon.xcdatamodeld in Sources */,
			);
			runOnlyForDeploymentPostprocessing = 0;
		};
		D2081C6119DA7C8100ABD203 /* Sources */ = {
			isa = PBXSourcesBuildPhase;
			buildActionMask = 2147483647;
			files = (
			);
			runOnlyForDeploymentPostprocessing = 0;
		};
/* End PBXSourcesBuildPhase section */

/* Begin PBXTargetDependency section */
		D2081C6719DA7C8100ABD203 /* PBXTargetDependency */ = {
			isa = PBXTargetDependency;
			target = D2081C4A19DA7C8100ABD203 /* Beacon */;
			targetProxy = D2081C6619DA7C8100ABD203 /* PBXContainerItemProxy */;
		};
/* End PBXTargetDependency section */

/* Begin XCBuildConfiguration section */
		D2081C6D19DA7C8100ABD203 /* Debug */ = {
			isa = XCBuildConfiguration;
			buildSettings = {
				ALWAYS_SEARCH_USER_PATHS = NO;
				CLANG_CXX_LANGUAGE_STANDARD = "gnu++0x";
				CLANG_CXX_LIBRARY = "libc++";
				CLANG_ENABLE_MODULES = YES;
				CLANG_ENABLE_OBJC_ARC = YES;
				CLANG_WARN_BOOL_CONVERSION = YES;
				CLANG_WARN_CONSTANT_CONVERSION = YES;
				CLANG_WARN_DIRECT_OBJC_ISA_USAGE = YES_ERROR;
				CLANG_WARN_EMPTY_BODY = YES;
				CLANG_WARN_ENUM_CONVERSION = YES;
				CLANG_WARN_INT_CONVERSION = YES;
				CLANG_WARN_OBJC_ROOT_CLASS = YES_ERROR;
				CLANG_WARN_UNREACHABLE_CODE = YES;
				CLANG_WARN__DUPLICATE_METHOD_MATCH = YES;
				"CODE_SIGN_IDENTITY[sdk=iphoneos*]" = "iPhone Developer";
				COPY_PHASE_STRIP = NO;
				ENABLE_STRICT_OBJC_MSGSEND = YES;
				GCC_C_LANGUAGE_STANDARD = gnu99;
				GCC_DYNAMIC_NO_PIC = NO;
				GCC_OPTIMIZATION_LEVEL = 0;
				GCC_PREPROCESSOR_DEFINITIONS = (
					"DEBUG=1",
					"$(inherited)",
				);
				GCC_SYMBOLS_PRIVATE_EXTERN = NO;
				GCC_WARN_64_TO_32_BIT_CONVERSION = YES;
				GCC_WARN_ABOUT_RETURN_TYPE = YES_ERROR;
				GCC_WARN_UNDECLARED_SELECTOR = YES;
				GCC_WARN_UNINITIALIZED_AUTOS = YES_AGGRESSIVE;
				GCC_WARN_UNUSED_FUNCTION = YES;
				GCC_WARN_UNUSED_VARIABLE = YES;
				IPHONEOS_DEPLOYMENT_TARGET = 8.0;
				MTL_ENABLE_DEBUG_INFO = YES;
				ONLY_ACTIVE_ARCH = YES;
				SDKROOT = iphoneos;
				SWIFT_OPTIMIZATION_LEVEL = "-Onone";
				TARGETED_DEVICE_FAMILY = "1,2";
			};
			name = Debug;
		};
		D2081C6E19DA7C8100ABD203 /* Release */ = {
			isa = XCBuildConfiguration;
			buildSettings = {
				ALWAYS_SEARCH_USER_PATHS = NO;
				CLANG_CXX_LANGUAGE_STANDARD = "gnu++0x";
				CLANG_CXX_LIBRARY = "libc++";
				CLANG_ENABLE_MODULES = YES;
				CLANG_ENABLE_OBJC_ARC = YES;
				CLANG_WARN_BOOL_CONVERSION = YES;
				CLANG_WARN_CONSTANT_CONVERSION = YES;
				CLANG_WARN_DIRECT_OBJC_ISA_USAGE = YES_ERROR;
				CLANG_WARN_EMPTY_BODY = YES;
				CLANG_WARN_ENUM_CONVERSION = YES;
				CLANG_WARN_INT_CONVERSION = YES;
				CLANG_WARN_OBJC_ROOT_CLASS = YES_ERROR;
				CLANG_WARN_UNREACHABLE_CODE = YES;
				CLANG_WARN__DUPLICATE_METHOD_MATCH = YES;
				"CODE_SIGN_IDENTITY[sdk=iphoneos*]" = "iPhone Developer";
				COPY_PHASE_STRIP = YES;
				ENABLE_NS_ASSERTIONS = NO;
				ENABLE_STRICT_OBJC_MSGSEND = YES;
				GCC_C_LANGUAGE_STANDARD = gnu99;
				GCC_WARN_64_TO_32_BIT_CONVERSION = YES;
				GCC_WARN_ABOUT_RETURN_TYPE = YES_ERROR;
				GCC_WARN_UNDECLARED_SELECTOR = YES;
				GCC_WARN_UNINITIALIZED_AUTOS = YES_AGGRESSIVE;
				GCC_WARN_UNUSED_FUNCTION = YES;
				GCC_WARN_UNUSED_VARIABLE = YES;
				IPHONEOS_DEPLOYMENT_TARGET = 8.0;
				MTL_ENABLE_DEBUG_INFO = NO;
				SDKROOT = iphoneos;
				TARGETED_DEVICE_FAMILY = "1,2";
				VALIDATE_PRODUCT = YES;
			};
			name = Release;
		};
		D2081C7019DA7C8100ABD203 /* Debug */ = {
			isa = XCBuildConfiguration;
			buildSettings = {
				ASSETCATALOG_COMPILER_APPICON_NAME = AppIcon;
				ASSETCATALOG_COMPILER_LAUNCHIMAGE_NAME = LaunchImage;
				CODE_SIGN_IDENTITY = "iPhone Developer";
				GCC_PREPROCESSOR_DEFINITIONS = "$(inherited)";
				INFOPLIST_FILE = Beacon/Info.plist;
				LD_RUNPATH_SEARCH_PATHS = "$(inherited) @executable_path/Frameworks";
				OTHER_SWIFT_FLAGS = "-D DEBUG";
				PRODUCT_NAME = Beacon;
				TARGETED_DEVICE_FAMILY = "1,2";
			};
			name = Debug;
		};
		D2081C7119DA7C8100ABD203 /* Release */ = {
			isa = XCBuildConfiguration;
			buildSettings = {
				ASSETCATALOG_COMPILER_APPICON_NAME = AppIcon;
				ASSETCATALOG_COMPILER_LAUNCHIMAGE_NAME = LaunchImage;
				CODE_SIGN_IDENTITY = "iPhone Developer";
				INFOPLIST_FILE = Beacon/Info.plist;
				LD_RUNPATH_SEARCH_PATHS = "$(inherited) @executable_path/Frameworks";
				OTHER_SWIFT_FLAGS = "-D DEBUG";
				PRODUCT_NAME = Beacon;
				TARGETED_DEVICE_FAMILY = "1,2";
			};
			name = Release;
		};
		D2081C7319DA7C8100ABD203 /* Debug */ = {
			isa = XCBuildConfiguration;
			buildSettings = {
				BUNDLE_LOADER = "$(TEST_HOST)";
				FRAMEWORK_SEARCH_PATHS = (
					"$(SDKROOT)/Developer/Library/Frameworks",
					"$(inherited)",
				);
				GCC_PREPROCESSOR_DEFINITIONS = (
					"DEBUG=1",
					"$(inherited)",
				);
				INFOPLIST_FILE = Beacon/Info.plist;
				LD_RUNPATH_SEARCH_PATHS = "$(inherited) @executable_path/Frameworks @loader_path/Frameworks";
				PRODUCT_NAME = BeaconTests;
				TEST_HOST = "$(BUILT_PRODUCTS_DIR)/Hand Off Bluetooth Social Media App.app/Hand Off Bluetooth Social Media App";
			};
			name = Debug;
		};
		D2081C7419DA7C8100ABD203 /* Release */ = {
			isa = XCBuildConfiguration;
			buildSettings = {
				BUNDLE_LOADER = "$(TEST_HOST)";
				FRAMEWORK_SEARCH_PATHS = (
					"$(SDKROOT)/Developer/Library/Frameworks",
					"$(inherited)",
				);
				INFOPLIST_FILE = Beacon/Info.plist;
				LD_RUNPATH_SEARCH_PATHS = "$(inherited) @executable_path/Frameworks @loader_path/Frameworks";
				PRODUCT_NAME = BeaconTests;
				TEST_HOST = "$(BUILT_PRODUCTS_DIR)/Hand Off Bluetooth Social Media App.app/Hand Off Bluetooth Social Media App";
			};
			name = Release;
		};
/* End XCBuildConfiguration section */

/* Begin XCConfigurationList section */
		D2081C4619DA7C8100ABD203 /* Build configuration list for PBXProject "Beacon" */ = {
			isa = XCConfigurationList;
			buildConfigurations = (
				D2081C6D19DA7C8100ABD203 /* Debug */,
				D2081C6E19DA7C8100ABD203 /* Release */,
			);
			defaultConfigurationIsVisible = 0;
			defaultConfigurationName = Release;
		};
		D2081C6F19DA7C8100ABD203 /* Build configuration list for PBXNativeTarget "Beacon" */ = {
			isa = XCConfigurationList;
			buildConfigurations = (
				D2081C7019DA7C8100ABD203 /* Debug */,
				D2081C7119DA7C8100ABD203 /* Release */,
			);
			defaultConfigurationIsVisible = 0;
			defaultConfigurationName = Release;
		};
		D2081C7219DA7C8100ABD203 /* Build configuration list for PBXNativeTarget "BeaconTests" */ = {
			isa = XCConfigurationList;
			buildConfigurations = (
				D2081C7319DA7C8100ABD203 /* Debug */,
				D2081C7419DA7C8100ABD203 /* Release */,
			);
			defaultConfigurationIsVisible = 0;
			defaultConfigurationName = Release;
		};
/* End XCConfigurationList section */

/* Begin XCVersionGroup section */
		D2081CCA19E2930500ABD203 /* Beacon.xcdatamodeld */ = {
			isa = XCVersionGroup;
			children = (
				D2081CCB19E2930500ABD203 /* Beacon.xcdatamodel */,
			);
			currentVersion = D2081CCB19E2930500ABD203 /* Beacon.xcdatamodel */;
			path = Beacon.xcdatamodeld;
			sourceTree = "<group>";
			versionGroupType = wrapper.xcdatamodel;
		};
/* End XCVersionGroup section */
	};
	rootObject = D2081C4319DA7C8100ABD203 /* Project object */;
}
